
Microsoft Visual Studio Solution File, Format Version 12.00
# Visual Studio Version 17
VisualStudioVersion = 17.3.32825.248
MinimumVisualStudioVersion = 10.0.40219.1
Project("{FAE04EC0-301F-11D3-BF4B-00C04F79EFBC}") = "Uppgift 4_22", "Uppgift 4_22\Uppgift 4_22.csproj", "{18A49F1A-8CE1-4750-991C-3B5526CB81BA}"
EndProject
Global
	GlobalSection(SolutionConfigurationPlatforms) = preSolution
		Debug|Any CPU = Debug|Any CPU
		Release|Any CPU = Release|Any CPU
	EndGlobalSection
	GlobalSection(ProjectConfigurationPlatforms) = postSolution
		{18A49F1A-8CE1-4750-991C-3B5526CB81BA}.Debug|Any CPU.ActiveCfg = Debug|Any CPU
		{18A49F1A-8CE1-4750-991C-3B5526CB81BA}.Debug|Any CPU.Build.0 = Debug|Any CPU
		{18A49F1A-8CE1-4750-991C-3B5526CB81BA}.Release|Any CPU.ActiveCfg = Release|Any CPU
		{18A49F1A-8CE1-4750-991C-3B5526CB81BA}.Release|Any CPU.Build.0 = Release|Any CPU
	EndGlobalSection
	GlobalSection(SolutionProperties) = preSolution
		HideSolutionNode = FALSE
	EndGlobalSection
	GlobalSection(ExtensibilityGlobals) = postSolution
		SolutionGuid = {E1DDD07E-2639-44F8-B39C-EA0EF2EF31F5}
	EndGlobalSection
EndGlobal
